lockVersion: 2.0.0
id: 597e611b-7490-45e2-839f-5daf119dcd37
management:
  docChecksum: 0f1a105489b43417f5ab6cd2c8614d36
  docVersion: 2.0.0
  speakeasyVersion: 1.207.1
  generationVersion: 2.280.6
  releaseVersion: 4.0.7
  configChecksum: 3cb08bceb4b051dfca03e6d3c5c7d7de
  repoURL: https://github.com/speakeasy-sdks/openai-ts-sdk.git
  repoSubDirectory: .
  installationURL: https://github.com/speakeasy-sdks/openai-ts-sdk
  published: true
features:
  typescript:
    core: 3.4.8
    deprecations: 2.81.1
    flattening: 2.81.1
    globalSecurity: 2.82.4
    globalServerURLs: 2.82.2
generatedFiles:
  - src/sdk/assistants.ts
  - src/sdk/audio.ts
  - src/sdk/chat.ts
  - src/sdk/completions.ts
  - src/sdk/embeddings.ts
  - src/sdk/files.ts
  - src/sdk/finetuning.ts
  - src/sdk/images.ts
  - src/sdk/models.ts
  - src/sdk/moderations.ts
  - src/sdk/sdk.ts
  - .eslintrc.yml
  - jest.config.js
  - package-lock.json
  - package.json
  - src/index.ts
  - src/internal/utils/contenttype.ts
  - src/internal/utils/headers.ts
  - src/internal/utils/index.ts
  - src/internal/utils/pathparams.ts
  - src/internal/utils/queryparams.ts
  - src/internal/utils/requestbody.ts
  - src/internal/utils/retries.ts
  - src/internal/utils/security.ts
  - src/internal/utils/utils.ts
  - src/sdk/index.ts
  - src/sdk/models/errors/sdkerror.ts
  - src/sdk/types/index.ts
  - src/sdk/types/rfcdate.ts
  - tsconfig.json
  - src/sdk/models/operations/cancelrun.ts
  - src/sdk/models/operations/createassistant.ts
  - src/sdk/models/operations/createassistantfile.ts
  - src/sdk/models/operations/createmessage.ts
  - src/sdk/models/operations/createrun.ts
  - src/sdk/models/operations/createthread.ts
  - src/sdk/models/operations/createthreadandrun.ts
  - src/sdk/models/operations/deleteassistant.ts
  - src/sdk/models/operations/deleteassistantfile.ts
  - src/sdk/models/operations/deletethread.ts
  - src/sdk/models/operations/getassistant.ts
  - src/sdk/models/operations/getassistantfile.ts
  - src/sdk/models/operations/getmessage.ts
  - src/sdk/models/operations/getmessagefile.ts
  - src/sdk/models/operations/getrun.ts
  - src/sdk/models/operations/getrunstep.ts
  - src/sdk/models/operations/getthread.ts
  - src/sdk/models/operations/listassistantfiles.ts
  - src/sdk/models/operations/listassistants.ts
  - src/sdk/models/operations/listmessagefiles.ts
  - src/sdk/models/operations/listmessages.ts
  - src/sdk/models/operations/listrunsteps.ts
  - src/sdk/models/operations/listruns.ts
  - src/sdk/models/operations/modifyassistant.ts
  - src/sdk/models/operations/modifymessage.ts
  - src/sdk/models/operations/modifyrun.ts
  - src/sdk/models/operations/modifythread.ts
  - src/sdk/models/operations/submittoolouputstorun.ts
  - src/sdk/models/operations/createspeech.ts
  - src/sdk/models/operations/createtranscription.ts
  - src/sdk/models/operations/createtranslation.ts
  - src/sdk/models/operations/createchatcompletion.ts
  - src/sdk/models/operations/createcompletion.ts
  - src/sdk/models/operations/createembedding.ts
  - src/sdk/models/operations/createfile.ts
  - src/sdk/models/operations/deletefile.ts
  - src/sdk/models/operations/downloadfile.ts
  - src/sdk/models/operations/listfiles.ts
  - src/sdk/models/operations/retrievefile.ts
  - src/sdk/models/operations/cancelfinetuningjob.ts
  - src/sdk/models/operations/createfinetuningjob.ts
  - src/sdk/models/operations/listfinetuningevents.ts
  - src/sdk/models/operations/listpaginatedfinetuningjobs.ts
  - src/sdk/models/operations/retrievefinetuningjob.ts
  - src/sdk/models/operations/createimage.ts
  - src/sdk/models/operations/createimageedit.ts
  - src/sdk/models/operations/createimagevariation.ts
  - src/sdk/models/operations/deletemodel.ts
  - src/sdk/models/operations/listmodels.ts
  - src/sdk/models/operations/retrievemodel.ts
  - src/sdk/models/operations/createmoderation.ts
  - src/sdk/models/shared/runobject.ts
  - src/sdk/models/shared/runcompletionusage.ts
  - src/sdk/models/shared/runtoolcallobject.ts
  - src/sdk/models/shared/assistantobject.ts
  - src/sdk/models/shared/createassistantrequest.ts
  - src/sdk/models/shared/assistantfileobject.ts
  - src/sdk/models/shared/createassistantfilerequest.ts
  - src/sdk/models/shared/messageobject.ts
  - src/sdk/models/shared/createmessagerequest.ts
  - src/sdk/models/shared/createrunrequest.ts
  - src/sdk/models/shared/threadobject.ts
  - src/sdk/models/shared/createthreadrequest.ts
  - src/sdk/models/shared/createthreadandrunrequest.ts
  - src/sdk/models/shared/deleteassistantresponse.ts
  - src/sdk/models/shared/deleteassistantfileresponse.ts
  - src/sdk/models/shared/deletethreadresponse.ts
  - src/sdk/models/shared/messagefileobject.ts
  - src/sdk/models/shared/runstepobject.ts
  - src/sdk/models/shared/runstepcompletionusage.ts
  - src/sdk/models/shared/listassistantfilesresponse.ts
  - src/sdk/models/shared/listassistantsresponse.ts
  - src/sdk/models/shared/listmessagefilesresponse.ts
  - src/sdk/models/shared/listmessagesresponse.ts
  - src/sdk/models/shared/listrunstepsresponse.ts
  - src/sdk/models/shared/listrunsresponse.ts
  - src/sdk/models/shared/modifyassistantrequest.ts
  - src/sdk/models/shared/modifymessagerequest.ts
  - src/sdk/models/shared/modifyrunrequest.ts
  - src/sdk/models/shared/modifythreadrequest.ts
  - src/sdk/models/shared/submittooloutputsrunrequest.ts
  - src/sdk/models/shared/createspeechrequest.ts
  - src/sdk/models/shared/createtranscriptionrequest.ts
  - src/sdk/models/shared/createtranslationrequest.ts
  - src/sdk/models/shared/createchatcompletionresponse.ts
  - src/sdk/models/shared/completionusage.ts
  - src/sdk/models/shared/chatcompletionresponsemessage.ts
  - src/sdk/models/shared/chatcompletionmessagetoolcall.ts
  - src/sdk/models/shared/chatcompletiontokenlogprob.ts
  - src/sdk/models/shared/createchatcompletionrequest.ts
  - src/sdk/models/shared/chatcompletiontool.ts
  - src/sdk/models/shared/functionobject.ts
  - src/sdk/models/shared/chatcompletionfunctions.ts
  - src/sdk/models/shared/createcompletionresponse.ts
  - src/sdk/models/shared/createcompletionrequest.ts
  - src/sdk/models/shared/createembeddingresponse.ts
  - src/sdk/models/shared/embedding.ts
  - src/sdk/models/shared/createembeddingrequest.ts
  - src/sdk/models/shared/openaifile.ts
  - src/sdk/models/shared/createfilerequest.ts
  - src/sdk/models/shared/deletefileresponse.ts
  - src/sdk/models/shared/listfilesresponse.ts
  - src/sdk/models/shared/finetuningjob.ts
  - src/sdk/models/shared/createfinetuningjobrequest.ts
  - src/sdk/models/shared/listfinetuningjobeventsresponse.ts
  - src/sdk/models/shared/finetuningjobevent.ts
  - src/sdk/models/shared/listpaginatedfinetuningjobsresponse.ts
  - src/sdk/models/shared/imagesresponse.ts
  - src/sdk/models/shared/image.ts
  - src/sdk/models/shared/createimagerequest.ts
  - src/sdk/models/shared/createimageeditrequest.ts
  - src/sdk/models/shared/createimagevariationrequest.ts
  - src/sdk/models/shared/deletemodelresponse.ts
  - src/sdk/models/shared/listmodelsresponse.ts
  - src/sdk/models/shared/model.ts
  - src/sdk/models/shared/createmoderationresponse.ts
  - src/sdk/models/shared/createmoderationrequest.ts
  - src/sdk/models/shared/security.ts
  - src/sdk/models/errors/index.ts
  - src/sdk/models/operations/index.ts
  - src/sdk/models/shared/index.ts
  - docs/sdk/models/operations/cancelrunrequest.md
  - docs/sdk/models/operations/cancelrunresponse.md
  - docs/sdk/models/operations/createassistantresponse.md
  - docs/sdk/models/operations/createassistantfilerequest.md
  - docs/sdk/models/operations/createassistantfileresponse.md
  - docs/sdk/models/operations/createmessagerequest.md
  - docs/sdk/models/operations/createmessageresponse.md
  - docs/sdk/models/operations/createrunrequest.md
  - docs/sdk/models/operations/createrunresponse.md
  - docs/sdk/models/operations/createthreadresponse.md
  - docs/sdk/models/operations/createthreadandrunresponse.md
  - docs/sdk/models/operations/deleteassistantrequest.md
  - docs/sdk/models/operations/deleteassistantresponse.md
  - docs/sdk/models/operations/deleteassistantfilerequest.md
  - docs/sdk/models/operations/deleteassistantfileresponse.md
  - docs/sdk/models/operations/deletethreadrequest.md
  - docs/sdk/models/operations/deletethreadresponse.md
  - docs/sdk/models/operations/getassistantrequest.md
  - docs/sdk/models/operations/getassistantresponse.md
  - docs/sdk/models/operations/getassistantfilerequest.md
  - docs/sdk/models/operations/getassistantfileresponse.md
  - docs/sdk/models/operations/getmessagerequest.md
  - docs/sdk/models/operations/getmessageresponse.md
  - docs/sdk/models/operations/getmessagefilerequest.md
  - docs/sdk/models/operations/getmessagefileresponse.md
  - docs/sdk/models/operations/getrunrequest.md
  - docs/sdk/models/operations/getrunresponse.md
  - docs/sdk/models/operations/getrunsteprequest.md
  - docs/sdk/models/operations/getrunstepresponse.md
  - docs/sdk/models/operations/getthreadrequest.md
  - docs/sdk/models/operations/getthreadresponse.md
  - docs/sdk/models/operations/order.md
  - docs/sdk/models/operations/listassistantfilesrequest.md
  - docs/sdk/models/operations/listassistantfilesresponse.md
  - docs/sdk/models/operations/queryparamorder.md
  - docs/sdk/models/operations/listassistantsrequest.md
  - docs/sdk/models/operations/listassistantsresponse.md
  - docs/sdk/models/operations/listmessagefilesqueryparamorder.md
  - docs/sdk/models/operations/listmessagefilesrequest.md
  - docs/sdk/models/operations/listmessagefilesresponse.md
  - docs/sdk/models/operations/listmessagesqueryparamorder.md
  - docs/sdk/models/operations/listmessagesrequest.md
  - docs/sdk/models/operations/listmessagesresponse.md
  - docs/sdk/models/operations/listrunstepsqueryparamorder.md
  - docs/sdk/models/operations/listrunstepsrequest.md
  - docs/sdk/models/operations/listrunstepsresponse.md
  - docs/sdk/models/operations/listrunsqueryparamorder.md
  - docs/sdk/models/operations/listrunsrequest.md
  - docs/sdk/models/operations/listrunsresponse.md
  - docs/sdk/models/operations/modifyassistantrequest.md
  - docs/sdk/models/operations/modifyassistantresponse.md
  - docs/sdk/models/operations/modifymessagerequest.md
  - docs/sdk/models/operations/modifymessageresponse.md
  - docs/sdk/models/operations/modifyrunrequest.md
  - docs/sdk/models/operations/modifyrunresponse.md
  - docs/sdk/models/operations/modifythreadrequest.md
  - docs/sdk/models/operations/modifythreadresponse.md
  - docs/sdk/models/operations/submittoolouputstorunrequest.md
  - docs/sdk/models/operations/submittoolouputstorunresponse.md
  - docs/sdk/models/operations/createspeechresponse.md
  - docs/sdk/models/operations/createtranscriptionresponse.md
  - docs/sdk/models/operations/createtranslationresponse.md
  - docs/sdk/models/operations/createchatcompletionresponse.md
  - docs/sdk/models/operations/createcompletionresponse.md
  - docs/sdk/models/operations/createembeddingresponse.md
  - docs/sdk/models/operations/createfileresponse.md
  - docs/sdk/models/operations/deletefilerequest.md
  - docs/sdk/models/operations/deletefileresponse.md
  - docs/sdk/models/operations/downloadfilerequest.md
  - docs/sdk/models/operations/downloadfileresponse.md
  - docs/sdk/models/operations/listfilesrequest.md
  - docs/sdk/models/operations/listfilesresponse.md
  - docs/sdk/models/operations/retrievefilerequest.md
  - docs/sdk/models/operations/retrievefileresponse.md
  - docs/sdk/models/operations/cancelfinetuningjobrequest.md
  - docs/sdk/models/operations/cancelfinetuningjobresponse.md
  - docs/sdk/models/operations/createfinetuningjobresponse.md
  - docs/sdk/models/operations/listfinetuningeventsrequest.md
  - docs/sdk/models/operations/listfinetuningeventsresponse.md
  - docs/sdk/models/operations/listpaginatedfinetuningjobsrequest.md
  - docs/sdk/models/operations/listpaginatedfinetuningjobsresponse.md
  - docs/sdk/models/operations/retrievefinetuningjobrequest.md
  - docs/sdk/models/operations/retrievefinetuningjobresponse.md
  - docs/sdk/models/operations/createimageresponse.md
  - docs/sdk/models/operations/createimageeditresponse.md
  - docs/sdk/models/operations/createimagevariationresponse.md
  - docs/sdk/models/operations/deletemodelrequest.md
  - docs/sdk/models/operations/deletemodelresponse.md
  - docs/sdk/models/operations/listmodelsresponse.md
  - docs/sdk/models/operations/retrievemodelrequest.md
  - docs/sdk/models/operations/retrievemodelresponse.md
  - docs/sdk/models/operations/createmoderationresponse.md
  - docs/sdk/models/shared/code.md
  - docs/sdk/models/shared/lasterror.md
  - docs/sdk/models/shared/runobjectmetadata.md
  - docs/sdk/models/shared/runobjectobject.md
  - docs/sdk/models/shared/submittooloutputs.md
  - docs/sdk/models/shared/runobjecttype.md
  - docs/sdk/models/shared/requiredaction.md
  - docs/sdk/models/shared/runobjectstatus.md
  - docs/sdk/models/shared/runobject.md
  - docs/sdk/models/shared/runcompletionusage.md
  - docs/sdk/models/shared/runtoolcallobjectfunction.md
  - docs/sdk/models/shared/runtoolcallobjecttype.md
  - docs/sdk/models/shared/runtoolcallobject.md
  - docs/sdk/models/shared/metadata.md
  - docs/sdk/models/shared/assistantobjectobject.md
  - docs/sdk/models/shared/assistantobject.md
  - docs/sdk/models/shared/createassistantrequestmetadata.md
  - docs/sdk/models/shared/createassistantrequest.md
  - docs/sdk/models/shared/objectt.md
  - docs/sdk/models/shared/assistantfileobject.md
  - docs/sdk/models/shared/createassistantfilerequest.md
  - docs/sdk/models/shared/messageobjectmetadata.md
  - docs/sdk/models/shared/messageobjectobject.md
  - docs/sdk/models/shared/messageobjectrole.md
  - docs/sdk/models/shared/messageobject.md
  - docs/sdk/models/shared/createmessagerequestmetadata.md
  - docs/sdk/models/shared/createmessagerequestrole.md
  - docs/sdk/models/shared/createmessagerequest.md
  - docs/sdk/models/shared/createrunrequestmetadata.md
  - docs/sdk/models/shared/createrunrequest.md
  - docs/sdk/models/shared/threadobjectmetadata.md
  - docs/sdk/models/shared/threadobjectobject.md
  - docs/sdk/models/shared/threadobject.md
  - docs/sdk/models/shared/createthreadrequestmetadata.md
  - docs/sdk/models/shared/createthreadrequest.md
  - docs/sdk/models/shared/createthreadandrunrequestmetadata.md
  - docs/sdk/models/shared/createthreadandrunrequest.md
  - docs/sdk/models/shared/deleteassistantresponseobject.md
  - docs/sdk/models/shared/deleteassistantresponse.md
  - docs/sdk/models/shared/deleteassistantfileresponseobject.md
  - docs/sdk/models/shared/deleteassistantfileresponse.md
  - docs/sdk/models/shared/deletethreadresponseobject.md
  - docs/sdk/models/shared/deletethreadresponse.md
  - docs/sdk/models/shared/messagefileobjectobject.md
  - docs/sdk/models/shared/messagefileobject.md
  - docs/sdk/models/shared/runstepobjectcode.md
  - docs/sdk/models/shared/runstepobjectlasterror.md
  - docs/sdk/models/shared/runstepobjectmetadata.md
  - docs/sdk/models/shared/runstepobjectobject.md
  - docs/sdk/models/shared/runstepobjectstatus.md
  - docs/sdk/models/shared/runstepobjecttype.md
  - docs/sdk/models/shared/runstepobject.md
  - docs/sdk/models/shared/runstepcompletionusage.md
  - docs/sdk/models/shared/listassistantfilesresponse.md
  - docs/sdk/models/shared/listassistantsresponse.md
  - docs/sdk/models/shared/listmessagefilesresponse.md
  - docs/sdk/models/shared/listmessagesresponse.md
  - docs/sdk/models/shared/listrunstepsresponse.md
  - docs/sdk/models/shared/listrunsresponse.md
  - docs/sdk/models/shared/modifyassistantrequestmetadata.md
  - docs/sdk/models/shared/modifyassistantrequest.md
  - docs/sdk/models/shared/modifymessagerequestmetadata.md
  - docs/sdk/models/shared/modifymessagerequest.md
  - docs/sdk/models/shared/modifyrunrequestmetadata.md
  - docs/sdk/models/shared/modifyrunrequest.md
  - docs/sdk/models/shared/modifythreadrequestmetadata.md
  - docs/sdk/models/shared/modifythreadrequest.md
  - docs/sdk/models/shared/tooloutputs.md
  - docs/sdk/models/shared/submittooloutputsrunrequest.md
  - docs/sdk/models/shared/createspeechrequestresponseformat.md
  - docs/sdk/models/shared/voice.md
  - docs/sdk/models/shared/createspeechrequest.md
  - docs/sdk/models/shared/createtranscriptionrequestfile.md
  - docs/sdk/models/shared/createtranscriptionrequestresponseformat.md
  - docs/sdk/models/shared/timestampgranularities.md
  - docs/sdk/models/shared/createtranscriptionrequest.md
  - docs/sdk/models/shared/createtranslationrequestfile.md
  - docs/sdk/models/shared/createtranslationrequest.md
  - docs/sdk/models/shared/finishreason.md
  - docs/sdk/models/shared/logprobs.md
  - docs/sdk/models/shared/choices.md
  - docs/sdk/models/shared/createchatcompletionresponseobject.md
  - docs/sdk/models/shared/createchatcompletionresponse.md
  - docs/sdk/models/shared/completionusage.md
  - docs/sdk/models/shared/functioncall.md
  - docs/sdk/models/shared/role.md
  - docs/sdk/models/shared/chatcompletionresponsemessage.md
  - docs/sdk/models/shared/functiont.md
  - docs/sdk/models/shared/typet.md
  - docs/sdk/models/shared/chatcompletionmessagetoolcall.md
  - docs/sdk/models/shared/toplogprobs.md
  - docs/sdk/models/shared/chatcompletiontokenlogprob.md
  - docs/sdk/models/shared/createchatcompletionrequesttype.md
  - docs/sdk/models/shared/responseformat.md
  - docs/sdk/models/shared/createchatcompletionrequest.md
  - docs/sdk/models/shared/chatcompletiontooltype.md
  - docs/sdk/models/shared/chatcompletiontool.md
  - docs/sdk/models/shared/functionobject.md
  - docs/sdk/models/shared/chatcompletionfunctions.md
  - docs/sdk/models/shared/createcompletionresponsefinishreason.md
  - docs/sdk/models/shared/createcompletionresponselogprobs.md
  - docs/sdk/models/shared/createcompletionresponsechoices.md
  - docs/sdk/models/shared/createcompletionresponseobject.md
  - docs/sdk/models/shared/createcompletionresponse.md
  - docs/sdk/models/shared/createcompletionrequest.md
  - docs/sdk/models/shared/createembeddingresponseobject.md
  - docs/sdk/models/shared/usage.md
  - docs/sdk/models/shared/createembeddingresponse.md
  - docs/sdk/models/shared/embeddingobject.md
  - docs/sdk/models/shared/embedding.md
  - docs/sdk/models/shared/encodingformat.md
  - docs/sdk/models/shared/createembeddingrequest.md
  - docs/sdk/models/shared/openaifileobject.md
  - docs/sdk/models/shared/openaifilepurpose.md
  - docs/sdk/models/shared/openaifilestatus.md
  - docs/sdk/models/shared/openaifile.md
  - docs/sdk/models/shared/file.md
  - docs/sdk/models/shared/purpose.md
  - docs/sdk/models/shared/createfilerequest.md
  - docs/sdk/models/shared/deletefileresponseobject.md
  - docs/sdk/models/shared/deletefileresponse.md
  - docs/sdk/models/shared/listfilesresponseobject.md
  - docs/sdk/models/shared/listfilesresponse.md
  - docs/sdk/models/shared/errort.md
  - docs/sdk/models/shared/finetuningjobhyperparameters.md
  - docs/sdk/models/shared/finetuningjobobject.md
  - docs/sdk/models/shared/status.md
  - docs/sdk/models/shared/finetuningjob.md
  - docs/sdk/models/shared/hyperparameters.md
  - docs/sdk/models/shared/createfinetuningjobrequest.md
  - docs/sdk/models/shared/listfinetuningjobeventsresponseobject.md
  - docs/sdk/models/shared/listfinetuningjobeventsresponse.md
  - docs/sdk/models/shared/level.md
  - docs/sdk/models/shared/finetuningjobeventobject.md
  - docs/sdk/models/shared/finetuningjobevent.md
  - docs/sdk/models/shared/listpaginatedfinetuningjobsresponseobject.md
  - docs/sdk/models/shared/listpaginatedfinetuningjobsresponse.md
  - docs/sdk/models/shared/imagesresponse.md
  - docs/sdk/models/shared/image.md
  - docs/sdk/models/shared/quality.md
  - docs/sdk/models/shared/createimagerequestresponseformat.md
  - docs/sdk/models/shared/createimagerequestsize.md
  - docs/sdk/models/shared/style.md
  - docs/sdk/models/shared/createimagerequest.md
  - docs/sdk/models/shared/createimageeditrequestimage.md
  - docs/sdk/models/shared/mask.md
  - docs/sdk/models/shared/createimageeditrequestresponseformat.md
  - docs/sdk/models/shared/size.md
  - docs/sdk/models/shared/createimageeditrequest.md
  - docs/sdk/models/shared/createimagevariationrequestimage.md
  - docs/sdk/models/shared/createimagevariationrequestresponseformat.md
  - docs/sdk/models/shared/createimagevariationrequestsize.md
  - docs/sdk/models/shared/createimagevariationrequest.md
  - docs/sdk/models/shared/deletemodelresponse.md
  - docs/sdk/models/shared/listmodelsresponseobject.md
  - docs/sdk/models/shared/listmodelsresponse.md
  - docs/sdk/models/shared/modelobject.md
  - docs/sdk/models/shared/model.md
  - docs/sdk/models/shared/categories.md
  - docs/sdk/models/shared/categoryscores.md
  - docs/sdk/models/shared/results.md
  - docs/sdk/models/shared/createmoderationresponse.md
  - docs/sdk/models/shared/createmoderationrequest.md
  - docs/sdk/models/shared/security.md
  - docs/sdks/gpt/README.md
  - docs/sdks/assistants/README.md
  - docs/sdks/audio/README.md
  - docs/sdks/chat/README.md
  - docs/sdks/completions/README.md
  - docs/sdks/embeddings/README.md
  - docs/sdks/files/README.md
  - docs/sdks/finetuning/README.md
  - docs/sdks/images/README.md
  - docs/sdks/models/README.md
  - docs/sdks/moderations/README.md
  - USAGE.md
  - .gitattributes
